
Microsoft Visual Studio Solution File, Format Version 11.00
# Visual Studio 2010
Project("{FAE04EC0-301F-11D3-BF4B-00C04F79EFBC}") = "Cinemapark", "Cinemapark\Cinemapark.csproj", "{497110B2-F7D0-41B4-B635-A9FCB6B2BBDB}"
EndProject
Global
	GlobalSection(SolutionConfigurationPlatforms) = preSolution
		Debug|Any CPU = Debug|Any CPU
		Release|Any CPU = Release|Any CPU
	EndGlobalSection
	GlobalSection(ProjectConfigurationPlatforms) = postSolution
		{497110B2-F7D0-41B4-B635-A9FCB6B2BBDB}.Debug|Any CPU.ActiveCfg = Debug|Any CPU
		{497110B2-F7D0-41B4-B635-A9FCB6B2BBDB}.Debug|Any CPU.Build.0 = Debug|Any CPU
		{497110B2-F7D0-41B4-B635-A9FCB6B2BBDB}.Debug|Any CPU.Deploy.0 = Debug|Any CPU
		{497110B2-F7D0-41B4-B635-A9FCB6B2BBDB}.Release|Any CPU.ActiveCfg = Release|Any CPU
		{497110B2-F7D0-41B4-B635-A9FCB6B2BBDB}.Release|Any CPU.Build.0 = Release|Any CPU
		{497110B2-F7D0-41B4-B635-A9FCB6B2BBDB}.Release|Any CPU.Deploy.0 = Release|Any CPU
	EndGlobalSection
	GlobalSection(SolutionProperties) = preSolution
		HideSolutionNode = FALSE
	EndGlobalSection
EndGlobal
